
Microsoft Visual Studio Solution File, Format Version 12.00
# Visual Studio 14
VisualStudioVersion = 14.0.23107.0
MinimumVisualStudioVersion = 10.0.40219.1
Project("{FAE04EC0-301F-11D3-BF4B-00C04F79EFBC}") = "CodeFirstScratchPad", "CodeFirstScratchPad\CodeFirstScratchPad.csproj", "{579AD246-C7A2-4639-81D8-791F69F329E4}"
EndProject
Project("{FAE04EC0-301F-11D3-BF4B-00C04F79EFBC}") = "EFCodeFirst", "EFCodeFirst\EFCodeFirst.csproj", "{957156E3-28F1-4226-8DA0-28F5AA99F042}"
EndProject
Global
	GlobalSection(SolutionConfigurationPlatforms) = preSolution
		Debug|Any CPU = Debug|Any CPU
		Release|Any CPU = Release|Any CPU
	EndGlobalSection
	GlobalSection(ProjectConfigurationPlatforms) = postSolution
		{579AD246-C7A2-4639-81D8-791F69F329E4}.Debug|Any CPU.ActiveCfg = Debug|Any CPU
		{579AD246-C7A2-4639-81D8-791F69F329E4}.Debug|Any CPU.Build.0 = Debug|Any CPU
		{579AD246-C7A2-4639-81D8-791F69F329E4}.Release|Any CPU.ActiveCfg = Release|Any CPU
		{579AD246-C7A2-4639-81D8-791F69F329E4}.Release|Any CPU.Build.0 = Release|Any CPU
		{957156E3-28F1-4226-8DA0-28F5AA99F042}.Debug|Any CPU.ActiveCfg = Debug|Any CPU
		{957156E3-28F1-4226-8DA0-28F5AA99F042}.Debug|Any CPU.Build.0 = Debug|Any CPU
		{957156E3-28F1-4226-8DA0-28F5AA99F042}.Release|Any CPU.ActiveCfg = Release|Any CPU
		{957156E3-28F1-4226-8DA0-28F5AA99F042}.Release|Any CPU.Build.0 = Release|Any CPU
	EndGlobalSection
	GlobalSection(SolutionProperties) = preSolution
		HideSolutionNode = FALSE
	EndGlobalSection
EndGlobal
