
Microsoft Visual Studio Solution File, Format Version 12.00
# Visual Studio 14
VisualStudioVersion = 14.0.25123.0
MinimumVisualStudioVersion = 10.0.40219.1
Project("{FAE04EC0-301F-11D3-BF4B-00C04F79EFBC}") = "StingerGamesBlog.UI", "StingerGamesBlog\StingerGamesBlog.UI.csproj", "{32D344BB-9FA1-4C0B-AFC9-E9D16CC59AC4}"
EndProject
Project("{FAE04EC0-301F-11D3-BF4B-00C04F79EFBC}") = "StingerGamesBlog.BLL", "StingerGamesBlog.BLL\StingerGamesBlog.BLL.csproj", "{0C63FB4E-F3B3-432D-92D9-877399045A5A}"
EndProject
Project("{FAE04EC0-301F-11D3-BF4B-00C04F79EFBC}") = "StingerGamesBlog.Models", "StingerGamesBlog.Models\StingerGamesBlog.Models.csproj", "{158C7572-4AF8-40F5-9ABB-8EA676CF6E03}"
EndProject
Project("{FAE04EC0-301F-11D3-BF4B-00C04F79EFBC}") = "StingerGamesBlog.DLL", "StingerGamesBlog.DLL\StingerGamesBlog.DLL.csproj", "{6762F353-B719-49DF-9A81-7E1523C490C8}"
EndProject
Project("{FAE04EC0-301F-11D3-BF4B-00C04F79EFBC}") = "StingerGamesBlog.Tests", "StingerGamesBlog.Tests\StingerGamesBlog.Tests.csproj", "{C89979B4-0914-4D28-AED2-E8EB9EB89D40}"
EndProject
Global
	GlobalSection(SolutionConfigurationPlatforms) = preSolution
		Debug|Any CPU = Debug|Any CPU
		Release|Any CPU = Release|Any CPU
	EndGlobalSection
	GlobalSection(ProjectConfigurationPlatforms) = postSolution
		{32D344BB-9FA1-4C0B-AFC9-E9D16CC59AC4}.Debug|Any CPU.ActiveCfg = Debug|Any CPU
		{32D344BB-9FA1-4C0B-AFC9-E9D16CC59AC4}.Debug|Any CPU.Build.0 = Debug|Any CPU
		{32D344BB-9FA1-4C0B-AFC9-E9D16CC59AC4}.Release|Any CPU.ActiveCfg = Release|Any CPU
		{32D344BB-9FA1-4C0B-AFC9-E9D16CC59AC4}.Release|Any CPU.Build.0 = Release|Any CPU
		{0C63FB4E-F3B3-432D-92D9-877399045A5A}.Debug|Any CPU.ActiveCfg = Debug|Any CPU
		{0C63FB4E-F3B3-432D-92D9-877399045A5A}.Debug|Any CPU.Build.0 = Debug|Any CPU
		{0C63FB4E-F3B3-432D-92D9-877399045A5A}.Release|Any CPU.ActiveCfg = Release|Any CPU
		{0C63FB4E-F3B3-432D-92D9-877399045A5A}.Release|Any CPU.Build.0 = Release|Any CPU
		{158C7572-4AF8-40F5-9ABB-8EA676CF6E03}.Debug|Any CPU.ActiveCfg = Debug|Any CPU
		{158C7572-4AF8-40F5-9ABB-8EA676CF6E03}.Debug|Any CPU.Build.0 = Debug|Any CPU
		{158C7572-4AF8-40F5-9ABB-8EA676CF6E03}.Release|Any CPU.ActiveCfg = Release|Any CPU
		{158C7572-4AF8-40F5-9ABB-8EA676CF6E03}.Release|Any CPU.Build.0 = Release|Any CPU
		{6762F353-B719-49DF-9A81-7E1523C490C8}.Debug|Any CPU.ActiveCfg = Debug|Any CPU
		{6762F353-B719-49DF-9A81-7E1523C490C8}.Debug|Any CPU.Build.0 = Debug|Any CPU
		{6762F353-B719-49DF-9A81-7E1523C490C8}.Release|Any CPU.ActiveCfg = Release|Any CPU
		{6762F353-B719-49DF-9A81-7E1523C490C8}.Release|Any CPU.Build.0 = Release|Any CPU
		{C89979B4-0914-4D28-AED2-E8EB9EB89D40}.Debug|Any CPU.ActiveCfg = Debug|Any CPU
		{C89979B4-0914-4D28-AED2-E8EB9EB89D40}.Debug|Any CPU.Build.0 = Debug|Any CPU
		{C89979B4-0914-4D28-AED2-E8EB9EB89D40}.Release|Any CPU.ActiveCfg = Release|Any CPU
		{C89979B4-0914-4D28-AED2-E8EB9EB89D40}.Release|Any CPU.Build.0 = Release|Any CPU
	EndGlobalSection
	GlobalSection(SolutionProperties) = preSolution
		HideSolutionNode = FALSE
	EndGlobalSection
EndGlobal
