
Microsoft Visual Studio Solution File, Format Version 12.00
# Visual Studio 14
VisualStudioVersion = 14.0.23107.0
MinimumVisualStudioVersion = 10.0.40219.1
Project("{FAE04EC0-301F-11D3-BF4B-00C04F79EFBC}") = "FlooringMastery.UI", "FlooringMastery.UI\FlooringMastery.UI.csproj", "{C5FE875F-025B-4388-B763-1CAD878EE442}"
EndProject
Project("{FAE04EC0-301F-11D3-BF4B-00C04F79EFBC}") = "FlooringMastery.BLL", "FlooringMastery.BLL\FlooringMastery.BLL.csproj", "{A0FD0B8F-25D1-43A2-AD23-72131B0DDEE2}"
EndProject
Project("{FAE04EC0-301F-11D3-BF4B-00C04F79EFBC}") = "FlooringMastery.Data", "FlooringMastery.Data\FlooringMastery.Data.csproj", "{7F182F30-E0ED-4BBE-A197-E29F37B6E279}"
EndProject
Project("{FAE04EC0-301F-11D3-BF4B-00C04F79EFBC}") = "FlooringMastery.Models", "FlooringMastery.Models\FlooringMastery.Models.csproj", "{FD10D278-51AC-406A-992A-97B9F79A50D9}"
EndProject
Project("{FAE04EC0-301F-11D3-BF4B-00C04F79EFBC}") = "FlooringMastery.Tests", "FlooringMastery.Tests\FlooringMastery.Tests.csproj", "{98CD79DD-A2FD-48F5-8F2E-729EA714414E}"
EndProject
Global
	GlobalSection(SolutionConfigurationPlatforms) = preSolution
		Debug|Any CPU = Debug|Any CPU
		Release|Any CPU = Release|Any CPU
	EndGlobalSection
	GlobalSection(ProjectConfigurationPlatforms) = postSolution
		{C5FE875F-025B-4388-B763-1CAD878EE442}.Debug|Any CPU.ActiveCfg = Debug|Any CPU
		{C5FE875F-025B-4388-B763-1CAD878EE442}.Debug|Any CPU.Build.0 = Debug|Any CPU
		{C5FE875F-025B-4388-B763-1CAD878EE442}.Release|Any CPU.ActiveCfg = Release|Any CPU
		{C5FE875F-025B-4388-B763-1CAD878EE442}.Release|Any CPU.Build.0 = Release|Any CPU
		{A0FD0B8F-25D1-43A2-AD23-72131B0DDEE2}.Debug|Any CPU.ActiveCfg = Debug|Any CPU
		{A0FD0B8F-25D1-43A2-AD23-72131B0DDEE2}.Debug|Any CPU.Build.0 = Debug|Any CPU
		{A0FD0B8F-25D1-43A2-AD23-72131B0DDEE2}.Release|Any CPU.ActiveCfg = Release|Any CPU
		{A0FD0B8F-25D1-43A2-AD23-72131B0DDEE2}.Release|Any CPU.Build.0 = Release|Any CPU
		{7F182F30-E0ED-4BBE-A197-E29F37B6E279}.Debug|Any CPU.ActiveCfg = Debug|Any CPU
		{7F182F30-E0ED-4BBE-A197-E29F37B6E279}.Debug|Any CPU.Build.0 = Debug|Any CPU
		{7F182F30-E0ED-4BBE-A197-E29F37B6E279}.Release|Any CPU.ActiveCfg = Release|Any CPU
		{7F182F30-E0ED-4BBE-A197-E29F37B6E279}.Release|Any CPU.Build.0 = Release|Any CPU
		{FD10D278-51AC-406A-992A-97B9F79A50D9}.Debug|Any CPU.ActiveCfg = Debug|Any CPU
		{FD10D278-51AC-406A-992A-97B9F79A50D9}.Debug|Any CPU.Build.0 = Debug|Any CPU
		{FD10D278-51AC-406A-992A-97B9F79A50D9}.Release|Any CPU.ActiveCfg = Release|Any CPU
		{FD10D278-51AC-406A-992A-97B9F79A50D9}.Release|Any CPU.Build.0 = Release|Any CPU
		{98CD79DD-A2FD-48F5-8F2E-729EA714414E}.Debug|Any CPU.ActiveCfg = Debug|Any CPU
		{98CD79DD-A2FD-48F5-8F2E-729EA714414E}.Debug|Any CPU.Build.0 = Debug|Any CPU
		{98CD79DD-A2FD-48F5-8F2E-729EA714414E}.Release|Any CPU.ActiveCfg = Release|Any CPU
		{98CD79DD-A2FD-48F5-8F2E-729EA714414E}.Release|Any CPU.Build.0 = Release|Any CPU
	EndGlobalSection
	GlobalSection(SolutionProperties) = preSolution
		HideSolutionNode = FALSE
	EndGlobalSection
EndGlobal
